// !$*UTF8*$!
{
	archiveVersion = 1;
	classes = {
	};
	objectVersion = 52;
	objects = {

/* Begin PBXBuildFile section */
		260C991270ECEF1B2A7525AF /* Pods_AirBnb_Home_Clone.framework in Frameworks */ = {isa = PBXBuildFile; fileRef = B385D14EB8C36D8640B6A125 /* Pods_AirBnb_Home_Clone.framework */; };
		DE0FF9C82742E65F00E101A5 /* WishView.swift in Sources */ = {isa = PBXBuildFile; fileRef = DE0FF9C72742E65F00E101A5 /* WishView.swift */; };
		DE0FF9CA2742F33800E101A5 /* ProfilePreLoginView.swift in Sources */ = {isa = PBXBuildFile; fileRef = DE0FF9C92742F33800E101A5 /* ProfilePreLoginView.swift */; };
		DE1EA67927298DC3004DEF51 /* AirbnbTabBarController.swift in Sources */ = {isa = PBXBuildFile; fileRef = DE1EA67827298DC2004DEF51 /* AirbnbTabBarController.swift */; };
		DE425478272A4716008342CF /* GoogleService-Info.plist in Resources */ = {isa = PBXBuildFile; fileRef = DE425477272A4716008342CF /* GoogleService-Info.plist */; };
		DE4D8F072737C445008FB36C /* LoginContent.swift in Sources */ = {isa = PBXBuildFile; fileRef = DE4D8F062737C445008FB36C /* LoginContent.swift */; };
		DE4D8F092737C908008FB36C /* TravelViewController.swift in Sources */ = {isa = PBXBuildFile; fileRef = DE4D8F082737C908008FB36C /* TravelViewController.swift */; };
		DE4D8F0B2737C915008FB36C /* MessageViewController.swift in Sources */ = {isa = PBXBuildFile; fileRef = DE4D8F0A2737C915008FB36C /* MessageViewController.swift */; };
		DE4D8F0D2737C923008FB36C /* ProfileViewController.swift in Sources */ = {isa = PBXBuildFile; fileRef = DE4D8F0C2737C923008FB36C /* ProfileViewController.swift */; };
		DE4D8F2F2737DC72008FB36C /* LoginViewController.swift in Sources */ = {isa = PBXBuildFile; fileRef = DE4D8F2E2737DC72008FB36C /* LoginViewController.swift */; };
		DE4D8F332737DD3F008FB36C /* PreLoginView.swift in Sources */ = {isa = PBXBuildFile; fileRef = DE4D8F322737DD3F008FB36C /* PreLoginView.swift */; };
		DE4D8F352737DE37008FB36C /* LoginView.swift in Sources */ = {isa = PBXBuildFile; fileRef = DE4D8F342737DE37008FB36C /* LoginView.swift */; };
		DE672C592735D562007E119B /* UIViewPreview.swift in Sources */ = {isa = PBXBuildFile; fileRef = DE672C582735D562007E119B /* UIViewPreview.swift */; };
		DE8E46E727118064005F9643 /* UITraitCollection+Inverted.swift in Sources */ = {isa = PBXBuildFile; fileRef = DE8E46E627118064005F9643 /* UITraitCollection+Inverted.swift */; };
		DE8E46E927118157005F9643 /* UIColor+Inverted.swift in Sources */ = {isa = PBXBuildFile; fileRef = DE8E46E827118157005F9643 /* UIColor+Inverted.swift */; };
		DE8E46EB27118E75005F9643 /* BackgroundView.swift in Sources */ = {isa = PBXBuildFile; fileRef = DE8E46EA27118E75005F9643 /* BackgroundView.swift */; };
		DE8E46ED2711BEAB005F9643 /* FooterCell.swift in Sources */ = {isa = PBXBuildFile; fileRef = DE8E46EC2711BEAB005F9643 /* FooterCell.swift */; };
		DE8E46F12711D37E005F9643 /* UITextView+Helpers.swift in Sources */ = {isa = PBXBuildFile; fileRef = DE8E46F02711D37E005F9643 /* UITextView+Helpers.swift */; };
		DEABE3C2273FBF01009A9640 /* Preview.swift in Sources */ = {isa = PBXBuildFile; fileRef = DEABE3C1273FBF01009A9640 /* Preview.swift */; };
		DEBE74E62738D96B0053DAF2 /* UIViewControllerPreview.swift in Sources */ = {isa = PBXBuildFile; fileRef = DEBE74E52738D96B0053DAF2 /* UIViewControllerPreview.swift */; };
		DEBE74EA27391B510053DAF2 /* DataSourceProvider.swift in Sources */ = {isa = PBXBuildFile; fileRef = DEBE74E927391B510053DAF2 /* DataSourceProvider.swift */; };
		DEC3A41026EF0BBD006DC0EC /* AppDelegate.swift in Sources */ = {isa = PBXBuildFile; fileRef = DEC3A40F26EF0BBD006DC0EC /* AppDelegate.swift */; };
		DEC3A41226EF0BBD006DC0EC /* SceneDelegate.swift in Sources */ = {isa = PBXBuildFile; fileRef = DEC3A41126EF0BBD006DC0EC /* SceneDelegate.swift */; };
		DEC3A41426EF0BBD006DC0EC /* HomeViewController.swift in Sources */ = {isa = PBXBuildFile; fileRef = DEC3A41326EF0BBD006DC0EC /* HomeViewController.swift */; };
		DEC3A41726EF0BBD006DC0EC /* Main.storyboard in Resources */ = {isa = PBXBuildFile; fileRef = DEC3A41526EF0BBD006DC0EC /* Main.storyboard */; };
		DEC3A41C26EF0BC0006DC0EC /* LaunchScreen.storyboard in Resources */ = {isa = PBXBuildFile; fileRef = DEC3A41A26EF0BC0006DC0EC /* LaunchScreen.storyboard */; };
		DEC3A42426EF1AF7006DC0EC /* Assets.xcassets in Resources */ = {isa = PBXBuildFile; fileRef = DEC3A42326EF1AF7006DC0EC /* Assets.xcassets */; };
		DEC3A42A26EF1C15006DC0EC /* ProgrammaticView.swift in Sources */ = {isa = PBXBuildFile; fileRef = DEC3A42926EF1C15006DC0EC /* ProgrammaticView.swift */; };
		DEC3A42D26EF1D33006DC0EC /* UIView+Helpers.swift in Sources */ = {isa = PBXBuildFile; fileRef = DEC3A42C26EF1D33006DC0EC /* UIView+Helpers.swift */; };
		DEC3A42F26EF1D9A006DC0EC /* UIStackView+Helpers.swift in Sources */ = {isa = PBXBuildFile; fileRef = DEC3A42E26EF1D9A006DC0EC /* UIStackView+Helpers.swift */; };
		DEC3A43126EF1DC6006DC0EC /* UIImage+Helpers.swift in Sources */ = {isa = PBXBuildFile; fileRef = DEC3A43026EF1DC6006DC0EC /* UIImage+Helpers.swift */; };
		DEC3A43326EF1E6C006DC0EC /* UIFont+Custom.swift in Sources */ = {isa = PBXBuildFile; fileRef = DEC3A43226EF1E6C006DC0EC /* UIFont+Custom.swift */; };
		DEC3A43526EF1E85006DC0EC /* HomeView.swift in Sources */ = {isa = PBXBuildFile; fileRef = DEC3A43426EF1E85006DC0EC /* HomeView.swift */; };
		DEC3A43726EF3423006DC0EC /* HeaderView.swift in Sources */ = {isa = PBXBuildFile; fileRef = DEC3A43626EF3423006DC0EC /* HeaderView.swift */; };
		DEC3A43D26EF401D006DC0EC /* SmallSquareCell.swift in Sources */ = {isa = PBXBuildFile; fileRef = DEC3A43C26EF401D006DC0EC /* SmallSquareCell.swift */; };
		DEC3A43F26EF52CD006DC0EC /* NSCollectioViewLayout+Layouts.swift in Sources */ = {isa = PBXBuildFile; fileRef = DEC3A43E26EF52CD006DC0EC /* NSCollectioViewLayout+Layouts.swift */; };
		DEC9FCCC27416F8300AAC7B5 /* UIViewController.swift in Sources */ = {isa = PBXBuildFile; fileRef = DEC9FCCB27416F8300AAC7B5 /* UIViewController.swift */; };
		DED5912D26F05AEE002D1932 /* ContentCell.swift in Sources */ = {isa = PBXBuildFile; fileRef = DED5912A26F05AEE002D1932 /* ContentCell.swift */; };
		DED5912E26F05AEE002D1932 /* SectionHeader.swift in Sources */ = {isa = PBXBuildFile; fileRef = DED5912B26F05AEE002D1932 /* SectionHeader.swift */; };
		DED5912F26F05AEE002D1932 /* LargeSquareCell.swift in Sources */ = {isa = PBXBuildFile; fileRef = DED5912C26F05AEE002D1932 /* LargeSquareCell.swift */; };
		DEEBBC69273543990037B73F /* WishViewController.swift in Sources */ = {isa = PBXBuildFile; fileRef = DEEBBC68273543990037B73F /* WishViewController.swift */; };
		DEF1CA6027393633001BA698 /* AuthContent.swift in Sources */ = {isa = PBXBuildFile; fileRef = DEF1CA5F27393633001BA698 /* AuthContent.swift */; };
		DEF1CA62273936F0001BA698 /* Content.swift in Sources */ = {isa = PBXBuildFile; fileRef = DEF1CA61273936F0001BA698 /* Content.swift */; };
/* End PBXBuildFile section */

/* Begin PBXFileReference section */
		0445B79AD2989CCB040CDF21 /* Pods-AirBnb Home Clone.release.xcconfig */ = {isa = PBXFileReference; includeInIndex = 1; lastKnownFileType = text.xcconfig; name = "Pods-AirBnb Home Clone.release.xcconfig"; path = "Target Support Files/Pods-AirBnb Home Clone/Pods-AirBnb Home Clone.release.xcconfig"; sourceTree = "<group>"; };
		A4F72019A5319ABB8EA95081 /* Pods-AirBnb Home Clone.debug.xcconfig */ = {isa = PBXFileReference; includeInIndex = 1; lastKnownFileType = text.xcconfig; name = "Pods-AirBnb Home Clone.debug.xcconfig"; path = "Target Support Files/Pods-AirBnb Home Clone/Pods-AirBnb Home Clone.debug.xcconfig"; sourceTree = "<group>"; };
		B385D14EB8C36D8640B6A125 /* Pods_AirBnb_Home_Clone.framework */ = {isa = PBXFileReference; explicitFileType = wrapper.framework; includeInIndex = 0; path = Pods_AirBnb_Home_Clone.framework; sourceTree = BUILT_PRODUCTS_DIR; };
		DE0FF9C72742E65F00E101A5 /* WishView.swift */ = {isa = PBXFileReference; lastKnownFileType = sourcecode.swift; path = WishView.swift; sourceTree = "<group>"; };
		DE0FF9C92742F33800E101A5 /* ProfilePreLoginView.swift */ = {isa = PBXFileReference; lastKnownFileType = sourcecode.swift; path = ProfilePreLoginView.swift; sourceTree = "<group>"; };
		DE1EA67827298DC2004DEF51 /* AirbnbTabBarController.swift */ = {isa = PBXFileReference; lastKnownFileType = sourcecode.swift; path = AirbnbTabBarController.swift; sourceTree = "<group>"; };
		DE425477272A4716008342CF /* GoogleService-Info.plist */ = {isa = PBXFileReference; fileEncoding = 4; lastKnownFileType = text.plist.xml; path = "GoogleService-Info.plist"; sourceTree = "<group>"; };
		DE4D8F062737C445008FB36C /* LoginContent.swift */ = {isa = PBXFileReference; lastKnownFileType = sourcecode.swift; path = LoginContent.swift; sourceTree = "<group>"; };
		DE4D8F082737C908008FB36C /* TravelViewController.swift */ = {isa = PBXFileReference; lastKnownFileType = sourcecode.swift; path = TravelViewController.swift; sourceTree = "<group>"; };
		DE4D8F0A2737C915008FB36C /* MessageViewController.swift */ = {isa = PBXFileReference; lastKnownFileType = sourcecode.swift; path = MessageViewController.swift; sourceTree = "<group>"; };
		DE4D8F0C2737C923008FB36C /* ProfileViewController.swift */ = {isa = PBXFileReference; lastKnownFileType = sourcecode.swift; path = ProfileViewController.swift; sourceTree = "<group>"; };
		DE4D8F2E2737DC72008FB36C /* LoginViewController.swift */ = {isa = PBXFileReference; lastKnownFileType = sourcecode.swift; path = LoginViewController.swift; sourceTree = "<group>"; };
		DE4D8F322737DD3F008FB36C /* PreLoginView.swift */ = {isa = PBXFileReference; fileEncoding = 4; lastKnownFileType = sourcecode.swift; path = PreLoginView.swift; sourceTree = "<group>"; };
		DE4D8F342737DE37008FB36C /* LoginView.swift */ = {isa = PBXFileReference; lastKnownFileType = sourcecode.swift; path = LoginView.swift; sourceTree = "<group>"; };
		DE672C582735D562007E119B /* UIViewPreview.swift */ = {isa = PBXFileReference; lastKnownFileType = sourcecode.swift; path = UIViewPreview.swift; sourceTree = "<group>"; };
		DE8E46E627118064005F9643 /* UITraitCollection+Inverted.swift */ = {isa = PBXFileReference; lastKnownFileType = sourcecode.swift; path = "UITraitCollection+Inverted.swift"; sourceTree = "<group>"; };
		DE8E46E827118157005F9643 /* UIColor+Inverted.swift */ = {isa = PBXFileReference; lastKnownFileType = sourcecode.swift; path = "UIColor+Inverted.swift"; sourceTree = "<group>"; };
		DE8E46EA27118E75005F9643 /* BackgroundView.swift */ = {isa = PBXFileReference; lastKnownFileType = sourcecode.swift; path = BackgroundView.swift; sourceTree = "<group>"; };
		DE8E46EC2711BEAB005F9643 /* FooterCell.swift */ = {isa = PBXFileReference; lastKnownFileType = sourcecode.swift; path = FooterCell.swift; sourceTree = "<group>"; };
		DE8E46F02711D37E005F9643 /* UITextView+Helpers.swift */ = {isa = PBXFileReference; lastKnownFileType = sourcecode.swift; path = "UITextView+Helpers.swift"; sourceTree = "<group>"; };
		DEABE3C1273FBF01009A9640 /* Preview.swift */ = {isa = PBXFileReference; lastKnownFileType = sourcecode.swift; path = Preview.swift; sourceTree = "<group>"; };
		DEBE74E52738D96B0053DAF2 /* UIViewControllerPreview.swift */ = {isa = PBXFileReference; lastKnownFileType = sourcecode.swift; path = UIViewControllerPreview.swift; sourceTree = "<group>"; };
		DEBE74E927391B510053DAF2 /* DataSourceProvider.swift */ = {isa = PBXFileReference; lastKnownFileType = sourcecode.swift; path = DataSourceProvider.swift; sourceTree = "<group>"; };
		DEC3A40C26EF0BBD006DC0EC /* AirBnb Home Clone.app */ = {isa = PBXFileReference; explicitFileType = wrapper.application; includeInIndex = 0; path = "AirBnb Home Clone.app"; sourceTree = BUILT_PRODUCTS_DIR; };
		DEC3A40F26EF0BBD006DC0EC /* AppDelegate.swift */ = {isa = PBXFileReference; lastKnownFileType = sourcecode.swift; path = AppDelegate.swift; sourceTree = "<group>"; };
		DEC3A41126EF0BBD006DC0EC /* SceneDelegate.swift */ = {isa = PBXFileReference; lastKnownFileType = sourcecode.swift; path = SceneDelegate.swift; sourceTree = "<group>"; };
		DEC3A41326EF0BBD006DC0EC /* HomeViewController.swift */ = {isa = PBXFileReference; lastKnownFileType = sourcecode.swift; path = HomeViewController.swift; sourceTree = "<group>"; };
		DEC3A41626EF0BBD006DC0EC /* Base */ = {isa = PBXFileReference; lastKnownFileType = file.storyboard; name = Base; path = Base.lproj/Main.storyboard; sourceTree = "<group>"; };
		DEC3A41B26EF0BC0006DC0EC /* Base */ = {isa = PBXFileReference; lastKnownFileType = file.storyboard; name = Base; path = Base.lproj/LaunchScreen.storyboard; sourceTree = "<group>"; };
		DEC3A41D26EF0BC0006DC0EC /* Info.plist */ = {isa = PBXFileReference; lastKnownFileType = text.plist.xml; path = Info.plist; sourceTree = "<group>"; };
		DEC3A42326EF1AF7006DC0EC /* Assets.xcassets */ = {isa = PBXFileReference; lastKnownFileType = folder.assetcatalog; path = Assets.xcassets; sourceTree = "<group>"; };
		DEC3A42926EF1C15006DC0EC /* ProgrammaticView.swift */ = {isa = PBXFileReference; lastKnownFileType = sourcecode.swift; path = ProgrammaticView.swift; sourceTree = "<group>"; };
		DEC3A42C26EF1D33006DC0EC /* UIView+Helpers.swift */ = {isa = PBXFileReference; lastKnownFileType = sourcecode.swift; path = "UIView+Helpers.swift"; sourceTree = "<group>"; };
		DEC3A42E26EF1D9A006DC0EC /* UIStackView+Helpers.swift */ = {isa = PBXFileReference; fileEncoding = 4; lastKnownFileType = sourcecode.swift; path = "UIStackView+Helpers.swift"; sourceTree = "<group>"; };
		DEC3A43026EF1DC6006DC0EC /* UIImage+Helpers.swift */ = {isa = PBXFileReference; lastKnownFileType = sourcecode.swift; path = "UIImage+Helpers.swift"; sourceTree = "<group>"; };
		DEC3A43226EF1E6C006DC0EC /* UIFont+Custom.swift */ = {isa = PBXFileReference; lastKnownFileType = sourcecode.swift; path = "UIFont+Custom.swift"; sourceTree = "<group>"; };
		DEC3A43426EF1E85006DC0EC /* HomeView.swift */ = {isa = PBXFileReference; lastKnownFileType = sourcecode.swift; path = HomeView.swift; sourceTree = "<group>"; };
		DEC3A43626EF3423006DC0EC /* HeaderView.swift */ = {isa = PBXFileReference; lastKnownFileType = sourcecode.swift; path = HeaderView.swift; sourceTree = "<group>"; };
		DEC3A43C26EF401D006DC0EC /* SmallSquareCell.swift */ = {isa = PBXFileReference; lastKnownFileType = sourcecode.swift; path = SmallSquareCell.swift; sourceTree = "<group>"; };
		DEC3A43E26EF52CD006DC0EC /* NSCollectioViewLayout+Layouts.swift */ = {isa = PBXFileReference; fileEncoding = 4; lastKnownFileType = sourcecode.swift; path = "NSCollectioViewLayout+Layouts.swift"; sourceTree = "<group>"; };
		DEC79D6C2740CC9F0086F8B9 /* AirBnb Home Clone.entitlements */ = {isa = PBXFileReference; lastKnownFileType = text.plist.entitlements; path = "AirBnb Home Clone.entitlements"; sourceTree = "<group>"; };
		DEC9FCCB27416F8300AAC7B5 /* UIViewController.swift */ = {isa = PBXFileReference; lastKnownFileType = sourcecode.swift; path = UIViewController.swift; sourceTree = "<group>"; };
		DED5912A26F05AEE002D1932 /* ContentCell.swift */ = {isa = PBXFileReference; fileEncoding = 4; lastKnownFileType = sourcecode.swift; path = ContentCell.swift; sourceTree = "<group>"; };
		DED5912B26F05AEE002D1932 /* SectionHeader.swift */ = {isa = PBXFileReference; fileEncoding = 4; lastKnownFileType = sourcecode.swift; path = SectionHeader.swift; sourceTree = "<group>"; };
		DED5912C26F05AEE002D1932 /* LargeSquareCell.swift */ = {isa = PBXFileReference; fileEncoding = 4; lastKnownFileType = sourcecode.swift; path = LargeSquareCell.swift; sourceTree = "<group>"; };
		DEEBBC68273543990037B73F /* WishViewController.swift */ = {isa = PBXFileReference; lastKnownFileType = sourcecode.swift; path = WishViewController.swift; sourceTree = "<group>"; };
		DEF1CA5F27393633001BA698 /* AuthContent.swift */ = {isa = PBXFileReference; lastKnownFileType = sourcecode.swift; path = AuthContent.swift; sourceTree = "<group>"; };
		DEF1CA61273936F0001BA698 /* Content.swift */ = {isa = PBXFileReference; fileEncoding = 4; lastKnownFileType = sourcecode.swift; path = Content.swift; sourceTree = "<group>"; };
/* End PBXFileReference section */

/* Begin PBXFrameworksBuildPhase section */
		DEC3A40926EF0BBD006DC0EC /* Frameworks */ = {
			isa = PBXFrameworksBuildPhase;
			buildActionMask = 2147483647;
			files = (
				260C991270ECEF1B2A7525AF /* Pods_AirBnb_Home_Clone.framework in Frameworks */,
			);
			runOnlyForDeploymentPostprocessing = 0;
		};
/* End PBXFrameworksBuildPhase section */

/* Begin PBXGroup section */
		799EC0416879A40338FEFD4E /* Frameworks */ = {
			isa = PBXGroup;
			children = (
				B385D14EB8C36D8640B6A125 /* Pods_AirBnb_Home_Clone.framework */,
			);
			name = Frameworks;
			sourceTree = "<group>";
		};
		B69926705D897BF899EFACAF /* Pods */ = {
			isa = PBXGroup;
			children = (
				A4F72019A5319ABB8EA95081 /* Pods-AirBnb Home Clone.debug.xcconfig */,
				0445B79AD2989CCB040CDF21 /* Pods-AirBnb Home Clone.release.xcconfig */,
			);
			path = Pods;
			sourceTree = "<group>";
		};
		DE8E46EF2711D03A005F9643 /* Views */ = {
			isa = PBXGroup;
			children = (
				DEC3A43426EF1E85006DC0EC /* HomeView.swift */,
				DEC3A43626EF3423006DC0EC /* HeaderView.swift */,
				DE4D8F322737DD3F008FB36C /* PreLoginView.swift */,
				DE0FF9C92742F33800E101A5 /* ProfilePreLoginView.swift */,
				DE4D8F342737DE37008FB36C /* LoginView.swift */,
				DE0FF9C72742E65F00E101A5 /* WishView.swift */,
				DEC3A43B26EF4001006DC0EC /* Collection View Elements */,
				DEC3A42926EF1C15006DC0EC /* ProgrammaticView.swift */,
			);
			path = Views;
			sourceTree = "<group>";
		};
		DEC3A40326EF0BBD006DC0EC = {
			isa = PBXGroup;
			children = (
				DEC3A40E26EF0BBD006DC0EC /* AirBnb Home Clone */,
				DEC3A40D26EF0BBD006DC0EC /* Products */,
				B69926705D897BF899EFACAF /* Pods */,
				799EC0416879A40338FEFD4E /* Frameworks */,
			);
			sourceTree = "<group>";
		};
		DEC3A40D26EF0BBD006DC0EC /* Products */ = {
			isa = PBXGroup;
			children = (
				DEC3A40C26EF0BBD006DC0EC /* AirBnb Home Clone.app */,
			);
			name = Products;
			sourceTree = "<group>";
		};
		DEC3A40E26EF0BBD006DC0EC /* AirBnb Home Clone */ = {
			isa = PBXGroup;
			children = (
				DEC79D6C2740CC9F0086F8B9 /* AirBnb Home Clone.entitlements */,
				DEEBBC6A273543A40037B73F /* ViewControllers */,
				DE8E46EF2711D03A005F9643 /* Views */,
				DEC3A43826EF3465006DC0EC /* Models */,
				DEC3A42B26EF1D1B006DC0EC /* Extensions */,
				DEC3A42526EF1B20006DC0EC /* Resources */,
				DEABE3C1273FBF01009A9640 /* Preview.swift */,
				DE672C582735D562007E119B /* UIViewPreview.swift */,
				DEBE74E52738D96B0053DAF2 /* UIViewControllerPreview.swift */,
			);
			path = "AirBnb Home Clone";
			sourceTree = "<group>";
		};
		DEC3A42526EF1B20006DC0EC /* Resources */ = {
			isa = PBXGroup;
			children = (
				DEC3A40F26EF0BBD006DC0EC /* AppDelegate.swift */,
				DEC3A41126EF0BBD006DC0EC /* SceneDelegate.swift */,
				DEC3A41526EF0BBD006DC0EC /* Main.storyboard */,
				DEC3A42326EF1AF7006DC0EC /* Assets.xcassets */,
				DEC3A41A26EF0BC0006DC0EC /* LaunchScreen.storyboard */,
				DE425477272A4716008342CF /* GoogleService-Info.plist */,
				DEC3A41D26EF0BC0006DC0EC /* Info.plist */,
			);
			path = Resources;
			sourceTree = "<group>";
		};
		DEC3A42B26EF1D1B006DC0EC /* Extensions */ = {
			isa = PBXGroup;
			children = (
				DEC3A42C26EF1D33006DC0EC /* UIView+Helpers.swift */,
				DEC3A42E26EF1D9A006DC0EC /* UIStackView+Helpers.swift */,
				DEC3A43026EF1DC6006DC0EC /* UIImage+Helpers.swift */,
				DEC3A43226EF1E6C006DC0EC /* UIFont+Custom.swift */,
				DE8E46E627118064005F9643 /* UITraitCollection+Inverted.swift */,
				DE8E46E827118157005F9643 /* UIColor+Inverted.swift */,
				DE8E46F02711D37E005F9643 /* UITextView+Helpers.swift */,
				DEC9FCCB27416F8300AAC7B5 /* UIViewController.swift */,
			);
			path = Extensions;
			sourceTree = "<group>";
		};
		DEC3A43826EF3465006DC0EC /* Models */ = {
			isa = PBXGroup;
			children = (
				DEF1CA61273936F0001BA698 /* Content.swift */,
				DEF1CA5F27393633001BA698 /* AuthContent.swift */,
				DE4D8F062737C445008FB36C /* LoginContent.swift */,
				DEBE74E927391B510053DAF2 /* DataSourceProvider.swift */,
			);
			path = Models;
			sourceTree = "<group>";
		};
		DEC3A43B26EF4001006DC0EC /* Collection View Elements */ = {
			isa = PBXGroup;
			children = (
				DEC3A43C26EF401D006DC0EC /* SmallSquareCell.swift */,
				DEC3A43E26EF52CD006DC0EC /* NSCollectioViewLayout+Layouts.swift */,
				DED5912A26F05AEE002D1932 /* ContentCell.swift */,
				DED5912C26F05AEE002D1932 /* LargeSquareCell.swift */,
				DED5912B26F05AEE002D1932 /* SectionHeader.swift */,
				DE8E46EA27118E75005F9643 /* BackgroundView.swift */,
				DE8E46EC2711BEAB005F9643 /* FooterCell.swift */,
			);
			path = "Collection View Elements";
			sourceTree = "<group>";
		};
		DEEBBC6A273543A40037B73F /* ViewControllers */ = {
			isa = PBXGroup;
			children = (
				DE1EA67827298DC2004DEF51 /* AirbnbTabBarController.swift */,
				DEC3A41326EF0BBD006DC0EC /* HomeViewController.swift */,
				DEEBBC68273543990037B73F /* WishViewController.swift */,
				DE4D8F082737C908008FB36C /* TravelViewController.swift */,
				DE4D8F0A2737C915008FB36C /* MessageViewController.swift */,
				DE4D8F0C2737C923008FB36C /* ProfileViewController.swift */,
				DE4D8F2E2737DC72008FB36C /* LoginViewController.swift */,
			);
			path = ViewControllers;
			sourceTree = "<group>";
		};
/* End PBXGroup section */

/* Begin PBXNativeTarget section */
		DEC3A40B26EF0BBD006DC0EC /* AirBnb Home Clone */ = {
			isa = PBXNativeTarget;
			buildConfigurationList = DEC3A42026EF0BC0006DC0EC /* Build configuration list for PBXNativeTarget "AirBnb Home Clone" */;
			buildPhases = (
				AE1778EFA8F39D7C7553C7DE /* [CP] Check Pods Manifest.lock */,
				DEC3A40826EF0BBD006DC0EC /* Sources */,
				DEC3A40926EF0BBD006DC0EC /* Frameworks */,
				DEC3A40A26EF0BBD006DC0EC /* Resources */,
				5F75F2581E15190E9C95D384 /* [CP] Embed Pods Frameworks */,
				D64BC1F87066E54128EFDA68 /* [CP] Copy Pods Resources */,
			);
			buildRules = (
			);
			dependencies = (
			);
			name = "AirBnb Home Clone";
			packageProductDependencies = (
			);
			productName = "AirBnb Home";
			productReference = DEC3A40C26EF0BBD006DC0EC /* AirBnb Home Clone.app */;
			productType = "com.apple.product-type.application";
		};
/* End PBXNativeTarget section */

/* Begin PBXProject section */
		DEC3A40426EF0BBD006DC0EC /* Project object */ = {
			isa = PBXProject;
			attributes = {
				LastSwiftUpdateCheck = 1250;
				LastUpgradeCheck = 1250;
				TargetAttributes = {
					DEC3A40B26EF0BBD006DC0EC = {
						CreatedOnToolsVersion = 12.5.1;
					};
				};
			};
			buildConfigurationList = DEC3A40726EF0BBD006DC0EC /* Build configuration list for PBXProject "AirBnb Home Clone" */;
			compatibilityVersion = "Xcode 9.3";
			developmentRegion = en;
			hasScannedForEncodings = 0;
			knownRegions = (
				en,
				Base,
			);
			mainGroup = DEC3A40326EF0BBD006DC0EC;
			packageReferences = (
				DEC3A42626EF1BC1006DC0EC /* XCRemoteSwiftPackageReference "Anchorage" */,
			);
			productRefGroup = DEC3A40D26EF0BBD006DC0EC /* Products */;
			projectDirPath = "";
			projectRoot = "";
			targets = (
				DEC3A40B26EF0BBD006DC0EC /* AirBnb Home Clone */,
			);
		};
/* End PBXProject section */

/* Begin PBXResourcesBuildPhase section */
		DEC3A40A26EF0BBD006DC0EC /* Resources */ = {
			isa = PBXResourcesBuildPhase;
			buildActionMask = 2147483647;
			files = (
				DEC3A41C26EF0BC0006DC0EC /* LaunchScreen.storyboard in Resources */,
				DE425478272A4716008342CF /* GoogleService-Info.plist in Resources */,
				DEC3A42426EF1AF7006DC0EC /* Assets.xcassets in Resources */,
				DEC3A41726EF0BBD006DC0EC /* Main.storyboard in Resources */,
			);
			runOnlyForDeploymentPostprocessing = 0;
		};
/* End PBXResourcesBuildPhase section */

/* Begin PBXShellScriptBuildPhase section */
		5F75F2581E15190E9C95D384 /* [CP] Embed Pods Frameworks */ = {
			isa = PBXShellScriptBuildPhase;
			buildActionMask = 2147483647;
			files = (
			);
			inputFileListPaths = (
				"${PODS_ROOT}/Target Support Files/Pods-AirBnb Home Clone/Pods-AirBnb Home Clone-frameworks-${CONFIGURATION}-input-files.xcfilelist",
			);
			name = "[CP] Embed Pods Frameworks";
			outputFileListPaths = (
				"${PODS_ROOT}/Target Support Files/Pods-AirBnb Home Clone/Pods-AirBnb Home Clone-frameworks-${CONFIGURATION}-output-files.xcfilelist",
			);
			runOnlyForDeploymentPostprocessing = 0;
			shellPath = /bin/sh;
			shellScript = "\"${PODS_ROOT}/Target Support Files/Pods-AirBnb Home Clone/Pods-AirBnb Home Clone-frameworks.sh\"\n";
			showEnvVarsInLog = 0;
		};
		AE1778EFA8F39D7C7553C7DE /* [CP] Check Pods Manifest.lock */ = {
			isa = PBXShellScriptBuildPhase;
			buildActionMask = 2147483647;
			files = (
			);
			inputFileListPaths = (
			);
			inputPaths = (
				"${PODS_PODFILE_DIR_PATH}/Podfile.lock",
				"${PODS_ROOT}/Manifest.lock",
			);
			name = "[CP] Check Pods Manifest.lock";
			outputFileListPaths = (
			);
			outputPaths = (
				"$(DERIVED_FILE_DIR)/Pods-AirBnb Home Clone-checkManifestLockResult.txt",
			);
			runOnlyForDeploymentPostprocessing = 0;
			shellPath = /bin/sh;
			shellScript = "diff \"${PODS_PODFILE_DIR_PATH}/Podfile.lock\" \"${PODS_ROOT}/Manifest.lock\" > /dev/null\nif [ $? != 0 ] ; then\n    # print error to STDERR\n    echo \"error: The sandbox is not in sync with the Podfile.lock. Run 'pod install' or update your CocoaPods installation.\" >&2\n    exit 1\nfi\n# This output is used by Xcode 'outputs' to avoid re-running this script phase.\necho \"SUCCESS\" > \"${SCRIPT_OUTPUT_FILE_0}\"\n";
			showEnvVarsInLog = 0;
		};
		D64BC1F87066E54128EFDA68 /* [CP] Copy Pods Resources */ = {
			isa = PBXShellScriptBuildPhase;
			buildActionMask = 2147483647;
			files = (
			);
			inputFileListPaths = (
				"${PODS_ROOT}/Target Support Files/Pods-AirBnb Home Clone/Pods-AirBnb Home Clone-resources-${CONFIGURATION}-input-files.xcfilelist",
			);
			name = "[CP] Copy Pods Resources";
			outputFileListPaths = (
				"${PODS_ROOT}/Target Support Files/Pods-AirBnb Home Clone/Pods-AirBnb Home Clone-resources-${CONFIGURATION}-output-files.xcfilelist",
			);
			runOnlyForDeploymentPostprocessing = 0;
			shellPath = /bin/sh;
			shellScript = "\"${PODS_ROOT}/Target Support Files/Pods-AirBnb Home Clone/Pods-AirBnb Home Clone-resources.sh\"\n";
			showEnvVarsInLog = 0;
		};
/* End PBXShellScriptBuildPhase section */

/* Begin PBXSourcesBuildPhase section */
		DEC3A40826EF0BBD006DC0EC /* Sources */ = {
			isa = PBXSourcesBuildPhase;
			buildActionMask = 2147483647;
			files = (
				DEC3A43526EF1E85006DC0EC /* HomeView.swift in Sources */,
				DED5912D26F05AEE002D1932 /* ContentCell.swift in Sources */,
				DEC9FCCC27416F8300AAC7B5 /* UIViewController.swift in Sources */,
				DE4D8F092737C908008FB36C /* TravelViewController.swift in Sources */,
				DED5912E26F05AEE002D1932 /* SectionHeader.swift in Sources */,
				DEC3A42D26EF1D33006DC0EC /* UIView+Helpers.swift in Sources */,
				DEBE74EA27391B510053DAF2 /* DataSourceProvider.swift in Sources */,
				DE672C592735D562007E119B /* UIViewPreview.swift in Sources */,
				DE8E46F12711D37E005F9643 /* UITextView+Helpers.swift in Sources */,
				DEC3A43D26EF401D006DC0EC /* SmallSquareCell.swift in Sources */,
				DE8E46E727118064005F9643 /* UITraitCollection+Inverted.swift in Sources */,
				DEC3A43326EF1E6C006DC0EC /* UIFont+Custom.swift in Sources */,
				DE4D8F0B2737C915008FB36C /* MessageViewController.swift in Sources */,
				DE4D8F0D2737C923008FB36C /* ProfileViewController.swift in Sources */,
				DE4D8F2F2737DC72008FB36C /* LoginViewController.swift in Sources */,
				DE8E46E927118157005F9643 /* UIColor+Inverted.swift in Sources */,
				DE0FF9CA2742F33800E101A5 /* ProfilePreLoginView.swift in Sources */,
				DEC3A41426EF0BBD006DC0EC /* HomeViewController.swift in Sources */,
				DE1EA67927298DC3004DEF51 /* AirbnbTabBarController.swift in Sources */,
				DE8E46ED2711BEAB005F9643 /* FooterCell.swift in Sources */,
				DE4D8F072737C445008FB36C /* LoginContent.swift in Sources */,
				DEC3A41026EF0BBD006DC0EC /* AppDelegate.swift in Sources */,
				DEC3A43726EF3423006DC0EC /* HeaderView.swift in Sources */,
				DEC3A43126EF1DC6006DC0EC /* UIImage+Helpers.swift in Sources */,
				DEC3A42F26EF1D9A006DC0EC /* UIStackView+Helpers.swift in Sources */,
				DEF1CA62273936F0001BA698 /* Content.swift in Sources */,
				DEEBBC69273543990037B73F /* WishViewController.swift in Sources */,
				DED5912F26F05AEE002D1932 /* LargeSquareCell.swift in Sources */,
				DE0FF9C82742E65F00E101A5 /* WishView.swift in Sources */,
				DEBE74E62738D96B0053DAF2 /* UIViewControllerPreview.swift in Sources */,
				DEF1CA6027393633001BA698 /* AuthContent.swift in Sources */,
				DEC3A43F26EF52CD006DC0EC /* NSCollectioViewLayout+Layouts.swift in Sources */,
				DEC3A42A26EF1C15006DC0EC /* ProgrammaticView.swift in Sources */,
				DE8E46EB27118E75005F9643 /* BackgroundView.swift in Sources */,
				DEC3A41226EF0BBD006DC0EC /* SceneDelegate.swift in Sources */,
				DEABE3C2273FBF01009A9640 /* Preview.swift in Sources */,
				DE4D8F332737DD3F008FB36C /* PreLoginView.swift in Sources */,
				DE4D8F352737DE37008FB36C /* LoginView.swift in Sources */,
			);
			runOnlyForDeploymentPostprocessing = 0;
		};
/* End PBXSourcesBuildPhase section */

/* Begin PBXVariantGroup section */
		DEC3A41526EF0BBD006DC0EC /* Main.storyboard */ = {
			isa = PBXVariantGroup;
			children = (
				DEC3A41626EF0BBD006DC0EC /* Base */,
			);
			name = Main.storyboard;
			sourceTree = "<group>";
		};
		DEC3A41A26EF0BC0006DC0EC /* LaunchScreen.storyboard */ = {
			isa = PBXVariantGroup;
			children = (
				DEC3A41B26EF0BC0006DC0EC /* Base */,
			);
			name = LaunchScreen.storyboard;
			sourceTree = "<group>";
		};
/* End PBXVariantGroup section */

/* Begin XCBuildConfiguration section */
		DEC3A41E26EF0BC0006DC0EC /* Debug */ = {
			isa = XCBuildConfiguration;
			buildSettings = {
				ALWAYS_SEARCH_USER_PATHS = NO;
				CLANG_ANALYZER_NONNULL = YES;
				CLANG_ANALYZER_NUMBER_OBJECT_CONVERSION = YES_AGGRESSIVE;
				CLANG_CXX_LANGUAGE_STANDARD = "gnu++14";
				CLANG_CXX_LIBRARY = "libc++";
				CLANG_ENABLE_MODULES = YES;
				CLANG_ENABLE_OBJC_ARC = YES;
				CLANG_ENABLE_OBJC_WEAK = YES;
				CLANG_WARN_BLOCK_CAPTURE_AUTORELEASING = YES;
				CLANG_WARN_BOOL_CONVERSION = YES;
				CLANG_WARN_COMMA = YES;
				CLANG_WARN_CONSTANT_CONVERSION = YES;
				CLANG_WARN_DEPRECATED_OBJC_IMPLEMENTATIONS = YES;
				CLANG_WARN_DIRECT_OBJC_ISA_USAGE = YES_ERROR;
				CLANG_WARN_DOCUMENTATION_COMMENTS = YES;
				CLANG_WARN_EMPTY_BODY = YES;
				CLANG_WARN_ENUM_CONVERSION = YES;
				CLANG_WARN_INFINITE_RECURSION = YES;
				CLANG_WARN_INT_CONVERSION = YES;
				CLANG_WARN_NON_LITERAL_NULL_CONVERSION = YES;
				CLANG_WARN_OBJC_IMPLICIT_RETAIN_SELF = YES;
				CLANG_WARN_OBJC_LITERAL_CONVERSION = YES;
				CLANG_WARN_OBJC_ROOT_CLASS = YES_ERROR;
				CLANG_WARN_QUOTED_INCLUDE_IN_FRAMEWORK_HEADER = YES;
				CLANG_WARN_RANGE_LOOP_ANALYSIS = YES;
				CLANG_WARN_STRICT_PROTOTYPES = YES;
				CLANG_WARN_SUSPICIOUS_MOVE = YES;
				CLANG_WARN_UNGUARDED_AVAILABILITY = YES_AGGRESSIVE;
				CLANG_WARN_UNREACHABLE_CODE = YES;
				CLANG_WARN__DUPLICATE_METHOD_MATCH = YES;
				COPY_PHASE_STRIP = NO;
				DEBUG_INFORMATION_FORMAT = dwarf;
				ENABLE_STRICT_OBJC_MSGSEND = YES;
				ENABLE_TESTABILITY = YES;
				GCC_C_LANGUAGE_STANDARD = gnu11;
				GCC_DYNAMIC_NO_PIC = NO;
				GCC_NO_COMMON_BLOCKS = YES;
				GCC_OPTIMIZATION_LEVEL = 0;
				GCC_PREPROCESSOR_DEFINITIONS = (
					"DEBUG=1",
					"$(inherited)",
				);
				GCC_WARN_64_TO_32_BIT_CONVERSION = YES;
				GCC_WARN_ABOUT_RETURN_TYPE = YES_ERROR;
				GCC_WARN_UNDECLARED_SELECTOR = YES;
				GCC_WARN_UNINITIALIZED_AUTOS = YES_AGGRESSIVE;
				GCC_WARN_UNUSED_FUNCTION = YES;
				GCC_WARN_UNUSED_VARIABLE = YES;
				IPHONEOS_DEPLOYMENT_TARGET = 15.0;
				MTL_ENABLE_DEBUG_INFO = INCLUDE_SOURCE;
				MTL_FAST_MATH = YES;
				ONLY_ACTIVE_ARCH = YES;
				SDKROOT = iphoneos;
				SWIFT_ACTIVE_COMPILATION_CONDITIONS = DEBUG;
				SWIFT_OPTIMIZATION_LEVEL = "-Onone";
			};
			name = Debug;
		};
		DEC3A41F26EF0BC0006DC0EC /* Release */ = {
			isa = XCBuildConfiguration;
			buildSettings = {
				ALWAYS_SEARCH_USER_PATHS = NO;
				CLANG_ANALYZER_NONNULL = YES;
				CLANG_ANALYZER_NUMBER_OBJECT_CONVERSION = YES_AGGRESSIVE;
				CLANG_CXX_LANGUAGE_STANDARD = "gnu++14";
				CLANG_CXX_LIBRARY = "libc++";
				CLANG_ENABLE_MODULES = YES;
				CLANG_ENABLE_OBJC_ARC = YES;
				CLANG_ENABLE_OBJC_WEAK = YES;
				CLANG_WARN_BLOCK_CAPTURE_AUTORELEASING = YES;
				CLANG_WARN_BOOL_CONVERSION = YES;
				CLANG_WARN_COMMA = YES;
				CLANG_WARN_CONSTANT_CONVERSION = YES;
				CLANG_WARN_DEPRECATED_OBJC_IMPLEMENTATIONS = YES;
				CLANG_WARN_DIRECT_OBJC_ISA_USAGE = YES_ERROR;
				CLANG_WARN_DOCUMENTATION_COMMENTS = YES;
				CLANG_WARN_EMPTY_BODY = YES;
				CLANG_WARN_ENUM_CONVERSION = YES;
				CLANG_WARN_INFINITE_RECURSION = YES;
				CLANG_WARN_INT_CONVERSION = YES;
				CLANG_WARN_NON_LITERAL_NULL_CONVERSION = YES;
				CLANG_WARN_OBJC_IMPLICIT_RETAIN_SELF = YES;
				CLANG_WARN_OBJC_LITERAL_CONVERSION = YES;
				CLANG_WARN_OBJC_ROOT_CLASS = YES_ERROR;
				CLANG_WARN_QUOTED_INCLUDE_IN_FRAMEWORK_HEADER = YES;
				CLANG_WARN_RANGE_LOOP_ANALYSIS = YES;
				CLANG_WARN_STRICT_PROTOTYPES = YES;
				CLANG_WARN_SUSPICIOUS_MOVE = YES;
				CLANG_WARN_UNGUARDED_AVAILABILITY = YES_AGGRESSIVE;
				CLANG_WARN_UNREACHABLE_CODE = YES;
				CLANG_WARN__DUPLICATE_METHOD_MATCH = YES;
				COPY_PHASE_STRIP = NO;
				DEBUG_INFORMATION_FORMAT = "dwarf-with-dsym";
				ENABLE_NS_ASSERTIONS = NO;
				ENABLE_STRICT_OBJC_MSGSEND = YES;
				GCC_C_LANGUAGE_STANDARD = gnu11;
				GCC_NO_COMMON_BLOCKS = YES;
				GCC_WARN_64_TO_32_BIT_CONVERSION = YES;
				GCC_WARN_ABOUT_RETURN_TYPE = YES_ERROR;
				GCC_WARN_UNDECLARED_SELECTOR = YES;
				GCC_WARN_UNINITIALIZED_AUTOS = YES_AGGRESSIVE;
				GCC_WARN_UNUSED_FUNCTION = YES;
				GCC_WARN_UNUSED_VARIABLE = YES;
				IPHONEOS_DEPLOYMENT_TARGET = 15.0;
				MTL_ENABLE_DEBUG_INFO = NO;
				MTL_FAST_MATH = YES;
				SDKROOT = iphoneos;
				SWIFT_COMPILATION_MODE = wholemodule;
				SWIFT_OPTIMIZATION_LEVEL = "-O";
				VALIDATE_PRODUCT = YES;
			};
			name = Release;
		};
		DEC3A42126EF0BC0006DC0EC /* Debug */ = {
			isa = XCBuildConfiguration;
			baseConfigurationReference = A4F72019A5319ABB8EA95081 /* Pods-AirBnb Home Clone.debug.xcconfig */;
			buildSettings = {
				ASSETCATALOG_COMPILER_APPICON_NAME = AppIcon;
				ASSETCATALOG_COMPILER_GLOBAL_ACCENT_COLOR_NAME = AccentColor;
				CODE_SIGN_ENTITLEMENTS = "AirBnb Home Clone/AirBnb Home Clone.entitlements";
				CODE_SIGN_STYLE = Automatic;
				DEVELOPMENT_TEAM = DJ2495B2GH;
				INFOPLIST_FILE = "AirBnb Home Clone/Resources/Info.plist";
				LD_RUNPATH_SEARCH_PATHS = (
					"$(inherited)",
					"@executable_path/Frameworks",
				);
				PRODUCT_BUNDLE_IDENTIFIER = "com.codewithsjoonb.AirBnb-Home";
				PRODUCT_NAME = "$(TARGET_NAME)";
				SWIFT_VERSION = 5.0;
				TARGETED_DEVICE_FAMILY = "1,2";
			};
			name = Debug;
		};
		DEC3A42226EF0BC0006DC0EC /* Release */ = {
			isa = XCBuildConfiguration;
			baseConfigurationReference = 0445B79AD2989CCB040CDF21 /* Pods-AirBnb Home Clone.release.xcconfig */;
			buildSettings = {
				ASSETCATALOG_COMPILER_APPICON_NAME = AppIcon;
				ASSETCATALOG_COMPILER_GLOBAL_ACCENT_COLOR_NAME = AccentColor;
				CODE_SIGN_ENTITLEMENTS = "AirBnb Home Clone/AirBnb Home Clone.entitlements";
				CODE_SIGN_STYLE = Automatic;
				DEVELOPMENT_TEAM = DJ2495B2GH;
				INFOPLIST_FILE = "AirBnb Home Clone/Resources/Info.plist";
				LD_RUNPATH_SEARCH_PATHS = (
					"$(inherited)",
					"@executable_path/Frameworks",
				);
				PRODUCT_BUNDLE_IDENTIFIER = "com.codewithsjoonb.AirBnb-Home";
				PRODUCT_NAME = "$(TARGET_NAME)";
				SWIFT_VERSION = 5.0;
				TARGETED_DEVICE_FAMILY = "1,2";
			};
			name = Release;
		};
/* End XCBuildConfiguration section */

/* Begin XCConfigurationList section */
		DEC3A40726EF0BBD006DC0EC /* Build configuration list for PBXProject "AirBnb Home Clone" */ = {
			isa = XCConfigurationList;
			buildConfigurations = (
				DEC3A41E26EF0BC0006DC0EC /* Debug */,
				DEC3A41F26EF0BC0006DC0EC /* Release */,
			);
			defaultConfigurationIsVisible = 0;
			defaultConfigurationName = Release;
		};
		DEC3A42026EF0BC0006DC0EC /* Build configuration list for PBXNativeTarget "AirBnb Home Clone" */ = {
			isa = XCConfigurationList;
			buildConfigurations = (
				DEC3A42126EF0BC0006DC0EC /* Debug */,
				DEC3A42226EF0BC0006DC0EC /* Release */,
			);
			defaultConfigurationIsVisible = 0;
			defaultConfigurationName = Release;
		};
/* End XCConfigurationList section */

/* Begin XCRemoteSwiftPackageReference section */
		DEC3A42626EF1BC1006DC0EC /* XCRemoteSwiftPackageReference "Anchorage" */ = {
			isa = XCRemoteSwiftPackageReference;
			repositoryURL = "https://github.com/Rightpoint/Anchorage.git";
			requirement = {
				kind = upToNextMajorVersion;
				minimumVersion = 4.5.0;
			};
		};
/* End XCRemoteSwiftPackageReference section */
	};
	rootObject = DEC3A40426EF0BBD006DC0EC /* Project object */;
}
